
Microsoft Visual Studio Solution File, Format Version 12.00
# Visual Studio Version 16
VisualStudioVersion = 16.0.30204.135
MinimumVisualStudioVersion = 10.0.40219.1
Project("{FAE04EC0-301F-11D3-BF4B-00C04F79EFBC}") = "App1.Android", "App1.Android\App1.Android.csproj", "{70D1F057-B672-42C6-AB56-CAE39A91D219}"
EndProject
Project("{FAE04EC0-301F-11D3-BF4B-00C04F79EFBC}") = "App1.iOS", "App1.iOS\App1.iOS.csproj", "{82A25534-F780-49F0-8643-9D345F16EC93}"
EndProject
Project("{FAE04EC0-301F-11D3-BF4B-00C04F79EFBC}") = "App1", "App1\App1.csproj", "{18D7DEF7-2830-4D9D-A363-FB01E79D5706}"
EndProject
Global
	GlobalSection(SolutionConfigurationPlatforms) = preSolution
		Debug|Any CPU = Debug|Any CPU
		Debug|iPhone = Debug|iPhone
		Debug|iPhoneSimulator = Debug|iPhoneSimulator
		Release|Any CPU = Release|Any CPU
		Release|iPhone = Release|iPhone
		Release|iPhoneSimulator = Release|iPhoneSimulator
	EndGlobalSection
	GlobalSection(ProjectConfigurationPlatforms) = postSolution
		{70D1F057-B672-42C6-AB56-CAE39A91D219}.Debug|Any CPU.ActiveCfg = Debug|Any CPU
		{70D1F057-B672-42C6-AB56-CAE39A91D219}.Debug|Any CPU.Build.0 = Debug|Any CPU
		{70D1F057-B672-42C6-AB56-CAE39A91D219}.Debug|Any CPU.Deploy.0 = Debug|Any CPU
		{70D1F057-B672-42C6-AB56-CAE39A91D219}.Debug|iPhone.ActiveCfg = Debug|Any CPU
		{70D1F057-B672-42C6-AB56-CAE39A91D219}.Debug|iPhone.Build.0 = Debug|Any CPU
		{70D1F057-B672-42C6-AB56-CAE39A91D219}.Debug|iPhone.Deploy.0 = Debug|Any CPU
		{70D1F057-B672-42C6-AB56-CAE39A91D219}.Debug|iPhoneSimulator.ActiveCfg = Debug|Any CPU
		{70D1F057-B672-42C6-AB56-CAE39A91D219}.Debug|iPhoneSimulator.Build.0 = Debug|Any CPU
		{70D1F057-B672-42C6-AB56-CAE39A91D219}.Debug|iPhoneSimulator.Deploy.0 = Debug|Any CPU
		{70D1F057-B672-42C6-AB56-CAE39A91D219}.Release|Any CPU.ActiveCfg = Release|Any CPU
		{70D1F057-B672-42C6-AB56-CAE39A91D219}.Release|Any CPU.Build.0 = Release|Any CPU
		{70D1F057-B672-42C6-AB56-CAE39A91D219}.Release|Any CPU.Deploy.0 = Release|Any CPU
		{70D1F057-B672-42C6-AB56-CAE39A91D219}.Release|iPhone.ActiveCfg = Release|Any CPU
		{70D1F057-B672-42C6-AB56-CAE39A91D219}.Release|iPhone.Build.0 = Release|Any CPU
		{70D1F057-B672-42C6-AB56-CAE39A91D219}.Release|iPhone.Deploy.0 = Release|Any CPU
		{70D1F057-B672-42C6-AB56-CAE39A91D219}.Release|iPhoneSimulator.ActiveCfg = Release|Any CPU
		{70D1F057-B672-42C6-AB56-CAE39A91D219}.Release|iPhoneSimulator.Build.0 = Release|Any CPU
		{70D1F057-B672-42C6-AB56-CAE39A91D219}.Release|iPhoneSimulator.Deploy.0 = Release|Any CPU
		{82A25534-F780-49F0-8643-9D345F16EC93}.Debug|Any CPU.ActiveCfg = Debug|iPhone
		{82A25534-F780-49F0-8643-9D345F16EC93}.Debug|Any CPU.Build.0 = Debug|iPhone
		{82A25534-F780-49F0-8643-9D345F16EC93}.Debug|Any CPU.Deploy.0 = Debug|iPhone
		{82A25534-F780-49F0-8643-9D345F16EC93}.Debug|iPhone.ActiveCfg = Debug|iPhone
		{82A25534-F780-49F0-8643-9D345F16EC93}.Debug|iPhone.Build.0 = Debug|iPhone
		{82A25534-F780-49F0-8643-9D345F16EC93}.Debug|iPhone.Deploy.0 = Debug|iPhone
		{82A25534-F780-49F0-8643-9D345F16EC93}.Debug|iPhoneSimulator.ActiveCfg = Debug|iPhoneSimulator
		{82A25534-F780-49F0-8643-9D345F16EC93}.Debug|iPhoneSimulator.Build.0 = Debug|iPhoneSimulator
		{82A25534-F780-49F0-8643-9D345F16EC93}.Debug|iPhoneSimulator.Deploy.0 = Debug|iPhoneSimulator
		{82A25534-F780-49F0-8643-9D345F16EC93}.Release|Any CPU.ActiveCfg = Release|iPhone
		{82A25534-F780-49F0-8643-9D345F16EC93}.Release|Any CPU.Build.0 = Release|iPhone
		{82A25534-F780-49F0-8643-9D345F16EC93}.Release|Any CPU.Deploy.0 = Release|iPhone
		{82A25534-F780-49F0-8643-9D345F16EC93}.Release|iPhone.ActiveCfg = Release|iPhone
		{82A25534-F780-49F0-8643-9D345F16EC93}.Release|iPhone.Build.0 = Release|iPhone
		{82A25534-F780-49F0-8643-9D345F16EC93}.Release|iPhone.Deploy.0 = Release|iPhone
		{82A25534-F780-49F0-8643-9D345F16EC93}.Release|iPhoneSimulator.ActiveCfg = Release|iPhoneSimulator
		{82A25534-F780-49F0-8643-9D345F16EC93}.Release|iPhoneSimulator.Build.0 = Release|iPhoneSimulator
		{82A25534-F780-49F0-8643-9D345F16EC93}.Release|iPhoneSimulator.Deploy.0 = Release|iPhoneSimulator
		{18D7DEF7-2830-4D9D-A363-FB01E79D5706}.Debug|Any CPU.ActiveCfg = Debug|Any CPU
		{18D7DEF7-2830-4D9D-A363-FB01E79D5706}.Debug|Any CPU.Build.0 = Debug|Any CPU
		{18D7DEF7-2830-4D9D-A363-FB01E79D5706}.Debug|Any CPU.Deploy.0 = Debug|Any CPU
		{18D7DEF7-2830-4D9D-A363-FB01E79D5706}.Debug|iPhone.ActiveCfg = Debug|Any CPU
		{18D7DEF7-2830-4D9D-A363-FB01E79D5706}.Debug|iPhone.Build.0 = Debug|Any CPU
		{18D7DEF7-2830-4D9D-A363-FB01E79D5706}.Debug|iPhone.Deploy.0 = Debug|Any CPU
		{18D7DEF7-2830-4D9D-A363-FB01E79D5706}.Debug|iPhoneSimulator.ActiveCfg = Debug|Any CPU
		{18D7DEF7-2830-4D9D-A363-FB01E79D5706}.Debug|iPhoneSimulator.Build.0 = Debug|Any CPU
		{18D7DEF7-2830-4D9D-A363-FB01E79D5706}.Debug|iPhoneSimulator.Deploy.0 = Debug|Any CPU
		{18D7DEF7-2830-4D9D-A363-FB01E79D5706}.Release|Any CPU.ActiveCfg = Release|Any CPU
		{18D7DEF7-2830-4D9D-A363-FB01E79D5706}.Release|Any CPU.Build.0 = Release|Any CPU
		{18D7DEF7-2830-4D9D-A363-FB01E79D5706}.Release|Any CPU.Deploy.0 = Release|Any CPU
		{18D7DEF7-2830-4D9D-A363-FB01E79D5706}.Release|iPhone.ActiveCfg = Release|Any CPU
		{18D7DEF7-2830-4D9D-A363-FB01E79D5706}.Release|iPhone.Build.0 = Release|Any CPU
		{18D7DEF7-2830-4D9D-A363-FB01E79D5706}.Release|iPhone.Deploy.0 = Release|Any CPU
		{18D7DEF7-2830-4D9D-A363-FB01E79D5706}.Release|iPhoneSimulator.ActiveCfg = Release|Any CPU
		{18D7DEF7-2830-4D9D-A363-FB01E79D5706}.Release|iPhoneSimulator.Build.0 = Release|Any CPU
		{18D7DEF7-2830-4D9D-A363-FB01E79D5706}.Release|iPhoneSimulator.Deploy.0 = Release|Any CPU
	EndGlobalSection
	GlobalSection(SolutionProperties) = preSolution
		HideSolutionNode = FALSE
	EndGlobalSection
	GlobalSection(ExtensibilityGlobals) = postSolution
		SolutionGuid = {E888C41D-8646-4B95-993B-305D0954862A}
	EndGlobalSection
EndGlobal
